
Microsoft Visual Studio Solution File, Format Version 12.00
# Visual Studio 15
VisualStudioVersion = 15.0.28307.329
MinimumVisualStudioVersion = 10.0.40219.1
Project("{FAE04EC0-301F-11D3-BF4B-00C04F79EFBC}") = "api-platform-portal", "api-platform-portal\api-platform-portal.csproj", "{C5576DB5-AF61-4A73-950F-4449E8485416}"
EndProject
Global
	GlobalSection(SolutionConfigurationPlatforms) = preSolution
		Debug|Any CPU = Debug|Any CPU
		Release|Any CPU = Release|Any CPU
	EndGlobalSection
	GlobalSection(ProjectConfigurationPlatforms) = postSolution
		{C5576DB5-AF61-4A73-950F-4449E8485416}.Debug|Any CPU.ActiveCfg = Debug|Any CPU
		{C5576DB5-AF61-4A73-950F-4449E8485416}.Debug|Any CPU.Build.0 = Debug|Any CPU
		{C5576DB5-AF61-4A73-950F-4449E8485416}.Release|Any CPU.ActiveCfg = Release|Any CPU
		{C5576DB5-AF61-4A73-950F-4449E8485416}.Release|Any CPU.Build.0 = Release|Any CPU
	EndGlobalSection
	GlobalSection(SolutionProperties) = preSolution
		HideSolutionNode = FALSE
	EndGlobalSection
	GlobalSection(ExtensibilityGlobals) = postSolution
		SolutionGuid = {498C52D7-F9D1-4F94-A6C2-B06364762A1A}
	EndGlobalSection
EndGlobal
